
Microsoft Visual Studio Solution File, Format Version 12.00
# Visual Studio 2013
VisualStudioVersion = 12.0.30501.0
MinimumVisualStudioVersion = 10.0.40219.1
Project("{FAE04EC0-301F-11D3-BF4B-00C04F79EFBC}") = "SimplyExpecting.Tests", "SimplyExpecting.Tests\SimplyExpecting.Tests.csproj", "{77C95EC2-3910-4C0D-B1A0-2EF15CF925EE}"
EndProject
Project("{FAE04EC0-301F-11D3-BF4B-00C04F79EFBC}") = "SimplyExpecting-V2", "SimplyExpecting-V2\SimplyExpecting-V2.csproj", "{597AF00E-2155-4A09-942A-2975C66FF44A}"
EndProject
Global
	GlobalSection(SolutionConfigurationPlatforms) = preSolution
		Debug|Any CPU = Debug|Any CPU
		Release|Any CPU = Release|Any CPU
	EndGlobalSection
	GlobalSection(ProjectConfigurationPlatforms) = postSolution
		{77C95EC2-3910-4C0D-B1A0-2EF15CF925EE}.Debug|Any CPU.ActiveCfg = Debug|Any CPU
		{77C95EC2-3910-4C0D-B1A0-2EF15CF925EE}.Debug|Any CPU.Build.0 = Debug|Any CPU
		{77C95EC2-3910-4C0D-B1A0-2EF15CF925EE}.Release|Any CPU.ActiveCfg = Release|Any CPU
		{77C95EC2-3910-4C0D-B1A0-2EF15CF925EE}.Release|Any CPU.Build.0 = Release|Any CPU
		{597AF00E-2155-4A09-942A-2975C66FF44A}.Debug|Any CPU.ActiveCfg = Debug|Any CPU
		{597AF00E-2155-4A09-942A-2975C66FF44A}.Debug|Any CPU.Build.0 = Debug|Any CPU
		{597AF00E-2155-4A09-942A-2975C66FF44A}.Release|Any CPU.ActiveCfg = Release|Any CPU
		{597AF00E-2155-4A09-942A-2975C66FF44A}.Release|Any CPU.Build.0 = Release|Any CPU
	EndGlobalSection
	GlobalSection(SolutionProperties) = preSolution
		HideSolutionNode = FALSE
	EndGlobalSection
EndGlobal
